
Microsoft Visual Studio Solution File, Format Version 12.00
# Visual Studio 15
VisualStudioVersion = 15.0.28307.645
MinimumVisualStudioVersion = 10.0.40219.1
Project("{E24C65DC-7377-472B-9ABA-BC803B73C61A}") = "UserLoginWebform", "UserLoginWebform\", "{934EED54-EFFA-4843-9943-3706E3099097}"
	ProjectSection(WebsiteProperties) = preProject
		TargetFrameworkMoniker = ".NETFramework,Version%3Dv4.6.1"
		Debug.AspNetCompiler.VirtualPath = "/localhost_61499"
		Debug.AspNetCompiler.PhysicalPath = "UserLoginWebform\"
		Debug.AspNetCompiler.TargetPath = "PrecompiledWeb\localhost_61499\"
		Debug.AspNetCompiler.Updateable = "true"
		Debug.AspNetCompiler.ForceOverwrite = "true"
		Debug.AspNetCompiler.FixedNames = "false"
		Debug.AspNetCompiler.Debug = "True"
		Release.AspNetCompiler.VirtualPath = "/localhost_61499"
		Release.AspNetCompiler.PhysicalPath = "UserLoginWebform\"
		Release.AspNetCompiler.TargetPath = "PrecompiledWeb\localhost_61499\"
		Release.AspNetCompiler.Updateable = "true"
		Release.AspNetCompiler.ForceOverwrite = "true"
		Release.AspNetCompiler.FixedNames = "false"
		Release.AspNetCompiler.Debug = "False"
		VWDPort = "61499"
		SlnRelativePath = "UserLoginWebform\"
		DefaultWebSiteLanguage = "Visual C#"
	EndProjectSection
EndProject
Global
	GlobalSection(SolutionConfigurationPlatforms) = preSolution
		Debug|Any CPU = Debug|Any CPU
	EndGlobalSection
	GlobalSection(ProjectConfigurationPlatforms) = postSolution
		{934EED54-EFFA-4843-9943-3706E3099097}.Debug|Any CPU.ActiveCfg = Debug|Any CPU
		{934EED54-EFFA-4843-9943-3706E3099097}.Debug|Any CPU.Build.0 = Debug|Any CPU
	EndGlobalSection
	GlobalSection(SolutionProperties) = preSolution
		HideSolutionNode = FALSE
	EndGlobalSection
	GlobalSection(ExtensibilityGlobals) = postSolution
		SolutionGuid = {DE4D4959-E381-4F73-A7B3-3195FA3D93E3}
	EndGlobalSection
EndGlobal
